
Microsoft Visual Studio Solution File, Format Version 12.00
Project("{FAE04EC0-301F-11D3-BF4B-00C04F79EFBC}") = "CLI", "CLI\CLI.csproj", "{1AA762B9-BE89-422E-BD7A-465EB07CD68B}"
EndProject
Global
	GlobalSection(SolutionConfigurationPlatforms) = preSolution
		Debug|Any CPU = Debug|Any CPU
		Release|Any CPU = Release|Any CPU
	EndGlobalSection
	GlobalSection(ProjectConfigurationPlatforms) = postSolution
		{1AA762B9-BE89-422E-BD7A-465EB07CD68B}.Debug|Any CPU.ActiveCfg = Debug|Any CPU
		{1AA762B9-BE89-422E-BD7A-465EB07CD68B}.Debug|Any CPU.Build.0 = Debug|Any CPU
		{1AA762B9-BE89-422E-BD7A-465EB07CD68B}.Release|Any CPU.ActiveCfg = Release|Any CPU
		{1AA762B9-BE89-422E-BD7A-465EB07CD68B}.Release|Any CPU.Build.0 = Release|Any CPU
	EndGlobalSection
EndGlobal
